{
    "_meta": {
        "hash": {
            "sha256": "879e290dce75f50547d64983cddbab0b7905649496fe1a9eb5d52fc62219638b"
        },
        "pipfile-spec": 6,
        "requires": {
            "python_version": "3.6"
        },
        "sources": [
            {
                "name": "pypi",
                "url": "https://pypi.org/simple",
                "verify_ssl": true
            }
        ]
    },
    "default": {
        "alembic": {
            "hashes": [
                "sha256:cdb7d98bd5cbf65acd38d70b1c05573c432e6473a82f955cdea541b5c153b0cc"
            ],
            "version": "==1.0.11"
        },
        "amqp": {
            "hashes": [
                "sha256:aa4409446139676943a2eaa27d5f58caf750f4ca5a89f888c452afd86be6a67d",
                "sha256:cbb6f87d53cac612a594f982b717cc1c54c6a1e17943a0a0d32dc6cc9e2120c8"
            ],
            "version": "==2.5.0"
        },
        "aniso8601": {
            "hashes": [
                "sha256:513d2b6637b7853806ae79ffaca6f3e8754bdd547048f5ccc1420aec4b714f1e",
                "sha256:d10a4bf949f619f719b227ef5386e31f49a2b6d453004b21f02661ccc8670c7b"
            ],
            "version": "==7.0.0"
        },
        "argh": {
            "hashes": [
                "sha256:a9b3aaa1904eeb78e32394cd46c6f37ac0fb4af6dc488daa58971bdc7d7fcaf3",
                "sha256:e9535b8c84dc9571a48999094fda7f33e63c3f1b74f3e5f3ac0105a58405bb65"
            ],
            "version": "==0.26.2"
        },
        "atomicwrites": {
            "hashes": [
                "sha256:03472c30eb2c5d1ba9227e4c2ca66ab8287fbfbbda3888aa93dc2e28fc6811b4",
                "sha256:75a9445bac02d8d058d5e1fe689654ba5a6556a1dfd8ce6ec55a0ed79866cfa6"
            ],
            "version": "==1.3.0"
        },
        "attrs": {
            "hashes": [
                "sha256:69c0dbf2ed392de1cb5ec704444b08a5ef81680a61cb899dc08127123af36a79",
                "sha256:f0b870f674851ecbfbbbd364d6b5cbdff9dcedbc7f3f5e18a6891057f21fe399"
            ],
            "version": "==19.1.0"
        },
        "billiard": {
            "hashes": [
                "sha256:756bf323f250db8bf88462cd042c992ba60d8f5e07fc5636c24ba7d6f4261d84"
            ],
            "version": "==3.6.0.0"
        },
        "boto3": {
            "hashes": [
                "sha256:8a8219c2d7c3f10bda255b78d99dfabe9a15d6a5a96ca6bcfa51ba5ca204105c",
                "sha256:aa1a95f7fc850dd734893946d8e6024ff9bd06515fa5c13ad96396efa6d83ce8"
            ],
            "index": "pypi",
            "version": "==1.9.159"
        },
        "botocore": {
            "hashes": [
                "sha256:25d87047241b7b775443570c0e790ca952f9f7491d4d6472430a4b006383a257",
                "sha256:e4729c1acaa936d4c5c948a18d279f92bbf61fad9b5fb03942c753ec405e427d"
            ],
            "version": "==1.12.199"
        },
        "celery": {
            "hashes": [
                "sha256:4c4532aa683f170f40bd76f928b70bc06ff171a959e06e71bf35f2f9d6031ef9",
                "sha256:528e56767ae7e43a16cfef24ee1062491f5754368d38fcfffa861cdb9ef219be"
            ],
            "index": "pypi",
            "version": "==4.3.0"
        },
        "certifi": {
            "hashes": [
                "sha256:046832c04d4e752f37383b628bc601a7ea7211496b4638f6514d0e5b9acc4939",
                "sha256:945e3ba63a0b9f577b1395204e13c3a231f9bc0223888be653286534e5873695"
            ],
            "version": "==2019.6.16"
        },
        "chardet": {
            "hashes": [
                "sha256:84ab92ed1c4d4f16916e05906b6b75a6c0fb5db821cc65e70cbd64a3e2a5eaae",
                "sha256:fc323ffcaeaed0e0a02bf4d117757b98aed530d9ed4531e3e15460124c106691"
            ],
            "version": "==3.0.4"
        },
        "click": {
            "hashes": [
                "sha256:2335065e6395b9e67ca716de5f7526736bfa6ceead690adf616d925bdc622b13",
                "sha256:5b94b49521f6456670fdb30cd82a4eca9412788a93fa6dd6df72c94d5a8ff2d7"
            ],
            "version": "==7.0"
        },
        "codecov": {
            "hashes": [
                "sha256:8ed8b7c6791010d359baed66f84f061bba5bd41174bf324c31311e8737602788",
                "sha256:ae00d68e18d8a20e9c3288ba3875ae03db3a8e892115bf9b83ef20507732bed4"
            ],
            "index": "pypi",
            "version": "==2.0.15"
        },
        "coverage": {
            "hashes": [
                "sha256:08907593569fe59baca0bf152c43f3863201efb6113ecb38ce7e97ce339805a6",
                "sha256:0be0f1ed45fc0c185cfd4ecc19a1d6532d72f86a2bac9de7e24541febad72650",
                "sha256:141f08ed3c4b1847015e2cd62ec06d35e67a3ac185c26f7635f4406b90afa9c5",
                "sha256:19e4df788a0581238e9390c85a7a09af39c7b539b29f25c89209e6c3e371270d",
                "sha256:23cc09ed395b03424d1ae30dcc292615c1372bfba7141eb85e11e50efaa6b351",
                "sha256:245388cda02af78276b479f299bbf3783ef0a6a6273037d7c60dc73b8d8d7755",
                "sha256:331cb5115673a20fb131dadd22f5bcaf7677ef758741312bee4937d71a14b2ef",
                "sha256:386e2e4090f0bc5df274e720105c342263423e77ee8826002dcffe0c9533dbca",
                "sha256:3a794ce50daee01c74a494919d5ebdc23d58873747fa0e288318728533a3e1ca",
                "sha256:60851187677b24c6085248f0a0b9b98d49cba7ecc7ec60ba6b9d2e5574ac1ee9",
                "sha256:63a9a5fc43b58735f65ed63d2cf43508f462dc49857da70b8980ad78d41d52fc",
                "sha256:6b62544bb68106e3f00b21c8930e83e584fdca005d4fffd29bb39fb3ffa03cb5",
                "sha256:6ba744056423ef8d450cf627289166da65903885272055fb4b5e113137cfa14f",
                "sha256:7494b0b0274c5072bddbfd5b4a6c6f18fbbe1ab1d22a41e99cd2d00c8f96ecfe",
                "sha256:826f32b9547c8091679ff292a82aca9c7b9650f9fda3e2ca6bf2ac905b7ce888",
                "sha256:93715dffbcd0678057f947f496484e906bf9509f5c1c38fc9ba3922893cda5f5",
                "sha256:9a334d6c83dfeadae576b4d633a71620d40d1c379129d587faa42ee3e2a85cce",
                "sha256:af7ed8a8aa6957aac47b4268631fa1df984643f07ef00acd374e456364b373f5",
                "sha256:bf0a7aed7f5521c7ca67febd57db473af4762b9622254291fbcbb8cd0ba5e33e",
                "sha256:bf1ef9eb901113a9805287e090452c05547578eaab1b62e4ad456fcc049a9b7e",
                "sha256:c0afd27bc0e307a1ffc04ca5ec010a290e49e3afbe841c5cafc5c5a80ecd81c9",
                "sha256:dd579709a87092c6dbee09d1b7cfa81831040705ffa12a1b248935274aee0437",
                "sha256:df6712284b2e44a065097846488f66840445eb987eb81b3cc6e4149e7b6982e1",
                "sha256:e07d9f1a23e9e93ab5c62902833bf3e4b1f65502927379148b6622686223125c",
                "sha256:e2ede7c1d45e65e209d6093b762e98e8318ddeff95317d07a27a2140b80cfd24",
                "sha256:e4ef9c164eb55123c62411f5936b5c2e521b12356037b6e1c2617cef45523d47",
                "sha256:eca2b7343524e7ba246cab8ff00cab47a2d6d54ada3b02772e908a45675722e2",
                "sha256:eee64c616adeff7db37cc37da4180a3a5b6177f5c46b187894e633f088fb5b28",
                "sha256:ef824cad1f980d27f26166f86856efe11eff9912c4fed97d3804820d43fa550c",
                "sha256:efc89291bd5a08855829a3c522df16d856455297cf35ae827a37edac45f466a7",
                "sha256:fa964bae817babece5aa2e8c1af841bebb6d0b9add8e637548809d040443fee0",
                "sha256:ff37757e068ae606659c28c3bd0d923f9d29a85de79bf25b2b34b148473b5025"
            ],
            "version": "==4.5.4"
        },
        "docutils": {
            "hashes": [
                "sha256:02aec4bd92ab067f6ff27a38a38a41173bf01bed8f89157768c1573f53e474a6",
                "sha256:51e64ef2ebfb29cae1faa133b3710143496eca21c530f3f71424d77687764274",
                "sha256:7a4bd47eaf6596e1295ecb11361139febe29b084a87bf005bf899f9a42edc3c6"
            ],
            "version": "==0.14"
        },
        "flask": {
            "hashes": [
                "sha256:2271c0070dbcb5275fad4a82e29f23ab92682dc45f9dfbc22c02ba9b9322ce48",
                "sha256:a080b744b7e345ccfcbc77954861cb05b3c63786e93f2b3875e0913d44b43f05"
            ],
            "index": "pypi",
            "version": "==1.0.2"
        },
        "flask-migrate": {
            "hashes": [
                "sha256:6fb038be63d4c60727d5dfa5f581a6189af5b4e2925bc378697b4f0a40cfb4e1",
                "sha256:a96ff1875a49a40bd3e8ac04fce73fdb0870b9211e6168608cbafa4eb839d502"
            ],
            "index": "pypi",
            "version": "==2.5.2"
        },
        "flask-restplus": {
            "hashes": [
                "sha256:3fad697e1d91dfc13c078abcb86003f438a751c5a4ff41b84c9050199d2eab62",
                "sha256:cdc27b5be63f12968a7f762eaa355e68228b0c904b4c96040a314ba7dc6d0e69"
            ],
            "index": "pypi",
            "version": "==0.12.1"
        },
        "flask-sqlalchemy": {
            "hashes": [
                "sha256:0c9609b0d72871c540a7945ea559c8fdf5455192d2db67219509aed680a3d45a",
                "sha256:8631bbea987bc3eb0f72b1f691d47bd37ceb795e73b59ab48586d76d75a7c605"
            ],
            "index": "pypi",
            "version": "==2.4.0"
        },
        "gunicorn": {
            "hashes": [
                "sha256:aa8e0b40b4157b36a5df5e599f45c9c76d6af43845ba3b3b0efe2c70473c2471",
                "sha256:fa2662097c66f920f53f70621c6c58ca4a3c4d3434205e608e121b5b3b71f4f3"
            ],
            "index": "pypi",
            "version": "==19.9.0"
        },
        "idna": {
            "hashes": [
                "sha256:2c6a5de3089009e3da7c5dde64a141dbc8551d5b7f6cf4ed7c2568d0cc520a8f",
                "sha256:8c7309c718f94b3a625cb648ace320157ad16ff131ae0af362c9f21b80ef6ec4"
            ],
            "version": "==2.6"
        },
        "importlib-metadata": {
            "hashes": [
                "sha256:23d3d873e008a513952355379d93cbcab874c58f4f034ff657c7a87422fa64e8",
                "sha256:80d2de76188eabfbfcf27e6a37342c2827801e59c4cc14b0371c56fed43820e3"
            ],
            "version": "==0.19"
        },
        "itsdangerous": {
            "hashes": [
                "sha256:321b033d07f2a4136d3ec762eac9f16a10ccd60f53c0c91af90217ace7ba1f19",
                "sha256:b12271b2047cb23eeb98c8b5622e2e5c5e9abd9784a153e9d8ef9cb4dd09d749"
            ],
            "version": "==1.1.0"
        },
        "jinja2": {
            "hashes": [
                "sha256:065c4f02ebe7f7cf559e49ee5a95fb800a9e4528727aec6f24402a5374c65013",
                "sha256:14dd6caf1527abb21f08f86c784eac40853ba93edb79552aa1e4b8aef1b61c7b"
            ],
            "version": "==2.10.1"
        },
        "jmespath": {
            "hashes": [
                "sha256:3720a4b1bd659dd2eecad0666459b9788813e032b83e7ba58578e48254e0a0e6",
                "sha256:bde2aef6f44302dfb30320115b17d030798de8c4110e28d5cf6cf91a7a31074c"
            ],
            "version": "==0.9.4"
        },
        "jsonschema": {
            "hashes": [
                "sha256:0c0a81564f181de3212efa2d17de1910f8732fa1b71c42266d983cd74304e20d",
                "sha256:a5f6559964a3851f59040d3b961de5e68e70971afb88ba519d27e6a039efff1a"
            ],
            "version": "==3.0.1"
        },
        "kombu": {
            "hashes": [
                "sha256:55b71d3785def3470a16217fe0780f9e6f95e61bf9ad39ef8dce0177224eab77",
                "sha256:eb365ea795cd7e629ba2f1f398e0c3ba354b91ef4de225ffdf6ab45fdfc7d581"
            ],
            "version": "==4.6.3"
        },
        "mako": {
            "hashes": [
                "sha256:f5a642d8c5699269ab62a68b296ff990767eb120f51e2e8f3d6afb16bdb57f4b"
            ],
            "version": "==1.0.14"
        },
        "markupsafe": {
            "hashes": [
                "sha256:00bc623926325b26bb9605ae9eae8a215691f33cae5df11ca5424f06f2d1f473",
                "sha256:09027a7803a62ca78792ad89403b1b7a73a01c8cb65909cd876f7fcebd79b161",
                "sha256:09c4b7f37d6c648cb13f9230d847adf22f8171b1ccc4d5682398e77f40309235",
                "sha256:1027c282dad077d0bae18be6794e6b6b8c91d58ed8a8d89a89d59693b9131db5",
                "sha256:24982cc2533820871eba85ba648cd53d8623687ff11cbb805be4ff7b4c971aff",
                "sha256:29872e92839765e546828bb7754a68c418d927cd064fd4708fab9fe9c8bb116b",
                "sha256:43a55c2930bbc139570ac2452adf3d70cdbb3cfe5912c71cdce1c2c6bbd9c5d1",
                "sha256:46c99d2de99945ec5cb54f23c8cd5689f6d7177305ebff350a58ce5f8de1669e",
                "sha256:500d4957e52ddc3351cabf489e79c91c17f6e0899158447047588650b5e69183",
                "sha256:535f6fc4d397c1563d08b88e485c3496cf5784e927af890fb3c3aac7f933ec66",
                "sha256:62fe6c95e3ec8a7fad637b7f3d372c15ec1caa01ab47926cfdf7a75b40e0eac1",
                "sha256:6dd73240d2af64df90aa7c4e7481e23825ea70af4b4922f8ede5b9e35f78a3b1",
                "sha256:717ba8fe3ae9cc0006d7c451f0bb265ee07739daf76355d06366154ee68d221e",
                "sha256:79855e1c5b8da654cf486b830bd42c06e8780cea587384cf6545b7d9ac013a0b",
                "sha256:7c1699dfe0cf8ff607dbdcc1e9b9af1755371f92a68f706051cc8c37d447c905",
                "sha256:88e5fcfb52ee7b911e8bb6d6aa2fd21fbecc674eadd44118a9cc3863f938e735",
                "sha256:8defac2f2ccd6805ebf65f5eeb132adcf2ab57aa11fdf4c0dd5169a004710e7d",
                "sha256:98c7086708b163d425c67c7a91bad6e466bb99d797aa64f965e9d25c12111a5e",
                "sha256:9add70b36c5666a2ed02b43b335fe19002ee5235efd4b8a89bfcf9005bebac0d",
                "sha256:9bf40443012702a1d2070043cb6291650a0841ece432556f784f004937f0f32c",
                "sha256:ade5e387d2ad0d7ebf59146cc00c8044acbd863725f887353a10df825fc8ae21",
                "sha256:b00c1de48212e4cc9603895652c5c410df699856a2853135b3967591e4beebc2",
                "sha256:b1282f8c00509d99fef04d8ba936b156d419be841854fe901d8ae224c59f0be5",
                "sha256:b2051432115498d3562c084a49bba65d97cf251f5a331c64a12ee7e04dacc51b",
                "sha256:ba59edeaa2fc6114428f1637ffff42da1e311e29382d81b339c1817d37ec93c6",
                "sha256:c8716a48d94b06bb3b2524c2b77e055fb313aeb4ea620c8dd03a105574ba704f",
                "sha256:cd5df75523866410809ca100dc9681e301e3c27567cf498077e8551b6d20e42f",
                "sha256:e249096428b3ae81b08327a63a485ad0878de3fb939049038579ac0ef61e17e7"
            ],
            "version": "==1.1.1"
        },
        "more-itertools": {
            "hashes": [
                "sha256:409cd48d4db7052af495b09dec721011634af3753ae1ef92d2b32f73a745f832",
                "sha256:92b8c4b06dac4f0611c0729b2f2ede52b2e1bac1ab48f089c7ddc12e26bb60c4"
            ],
            "version": "==7.2.0"
        },
        "pathtools": {
            "hashes": [
                "sha256:7c35c5421a39bb82e58018febd90e3b6e5db34c5443aaaf742b3f33d4655f1c0"
            ],
            "version": "==0.1.2"
        },
        "pluggy": {
            "hashes": [
                "sha256:0825a152ac059776623854c1543d65a4ad408eb3d33ee114dff91e57ec6ae6fc",
                "sha256:b9817417e95936bf75d85d3f8767f7df6cdde751fc40aed3bb3074cbcb77757c"
            ],
            "version": "==0.12.0"
        },
        "psycopg2": {
            "hashes": [
                "sha256:00cfecb3f3db6eb76dcc763e71777da56d12b6d61db6a2c6ccbbb0bff5421f8f",
                "sha256:076501fc24ae13b2609ba2303d88d4db79072562f0b8cc87ec1667dedff99dc1",
                "sha256:4e2b34e4c0ddfeddf770d7df93e269700b080a4d2ec514fec668d71895f56782",
                "sha256:5cacf21b6f813c239f100ef78a4132056f93a5940219ec25d2ef833cbeb05588",
                "sha256:61f58e9ecb9e4dc7e30be56b562f8fc10ae3addcfcef51b588eed10a5a66100d",
                "sha256:8954ff6e47247bdd134db602fcadfc21662835bd92ce0760f3842eacfeb6e0f3",
                "sha256:b6e8c854cdc623028e558a409b06ea2f16d13438335941c7765d0a42b5bedd33",
                "sha256:baca21c0f7344576346e260454d0007313ccca8c170684707a63946b27a56c8f",
                "sha256:bb1735378770fb95dbe392d29e71405d45c8bdcfa064f916504833a92ab03c55",
                "sha256:de3d3c46c1ee18f996db42d1eb44cf1565cc9e38fb1dbd9b773ff6b3fa8035d7",
                "sha256:dee885602bb200bdcb1d30f6da6c7bb207360bc786d0a364fe1540dd14af0bab"
            ],
            "index": "pypi",
            "version": "==2.8.2"
        },
        "py": {
            "hashes": [
                "sha256:64f65755aee5b381cea27766a3a147c3f15b9b6b9ac88676de66ba2ae36793fa",
                "sha256:dc639b046a6e2cff5bbe40194ad65936d6ba360b52b3c3fe1d08a82dd50b5e53"
            ],
            "version": "==1.8.0"
        },
        "pyrsistent": {
            "hashes": [
                "sha256:34b47fa169d6006b32e99d4b3c4031f155e6e68ebcc107d6454852e8e0ee6533"
            ],
            "version": "==0.15.4"
        },
        "pytest": {
            "hashes": [
                "sha256:10e59f84267370ab20cec9305bafe7505ba4d6b93ecbf66a1cce86193ed511d5",
                "sha256:8c827e7d4816dfe13e9329c8226aef8e6e75d65b939bc74fda894143b6d1df59"
            ],
            "index": "pypi",
            "version": "==3.9.1"
        },
        "pytest-cov": {
            "hashes": [
                "sha256:267864bcab5fd16ec8655a0c74194ddaaa879a116d3e1c9d1e0cda0ec849a459",
                "sha256:f191bf605b0d044c18fcba89fd624135c701600546ac50e51a82fd725e51409d"
            ],
            "index": "pypi",
            "version": "==2.5.0"
        },
        "pytest-flask": {
            "hashes": [
                "sha256:df69f2b552098227d7b7a8a48d6df2742a4d865d0807eac4916fb622c2d47e1a",
                "sha256:e9b120d23f73e0495d8fa1bc3b580b18cc9f98b8d6808bc45fdbcbab7d718242"
            ],
            "index": "pypi",
            "version": "==0.14.0"
        },
        "python-dateutil": {
            "hashes": [
                "sha256:7e6584c74aeed623791615e26efd690f29817a27c73085b78e4bad02493df2fb",
                "sha256:c89805f6f4d64db21ed966fda138f8a5ed7a4fdbc1a8ee329ce1b74e3c74da9e"
            ],
            "markers": "python_version >= '2.7'",
            "version": "==2.8.0"
        },
        "python-dotenv": {
            "hashes": [
                "sha256:156f218846bd90e0d537915545cde4a987947c2cecc628b50f9955fdde72534a",
                "sha256:6640acd76e6cab84648e4fec16c9d19de6700971f9d91d045e7120622167bfda"
            ],
            "index": "pypi",
            "version": "==0.10.2"
        },
        "python-editor": {
            "hashes": [
                "sha256:1bf6e860a8ad52a14c3ee1252d5dc25b2030618ed80c022598f00176adc8367d",
                "sha256:51fda6bcc5ddbbb7063b2af7509e43bd84bfc32a4ff71349ec7847713882327b",
                "sha256:5f98b069316ea1c2ed3f67e7f5df6c0d8f10b689964a4a811ff64f0106819ec8"
            ],
            "version": "==1.0.4"
        },
        "pytz": {
            "hashes": [
                "sha256:26c0b32e437e54a18161324a2fca3c4b9846b74a8dccddd843113109e1116b32",
                "sha256:c894d57500a4cd2d5c71114aaab77dbab5eabd9022308ce5ac9bb93a60a6f0c7"
            ],
            "version": "==2019.2"
        },
        "pyyaml": {
            "hashes": [
                "sha256:0113bc0ec2ad727182326b61326afa3d1d8280ae1122493553fd6f4397f33df9",
                "sha256:01adf0b6c6f61bd11af6e10ca52b7d4057dd0be0343eb9283c878cf3af56aee4",
                "sha256:5124373960b0b3f4aa7df1707e63e9f109b5263eca5976c66e08b1c552d4eaf8",
                "sha256:5ca4f10adbddae56d824b2c09668e91219bb178a1eee1faa56af6f99f11bf696",
                "sha256:7907be34ffa3c5a32b60b95f4d95ea25361c951383a894fec31be7252b2b6f34",
                "sha256:7ec9b2a4ed5cad025c2278a1e6a19c011c80a3caaac804fd2d329e9cc2c287c9",
                "sha256:87ae4c829bb25b9fe99cf71fbb2140c448f534e24c998cc60f39ae4f94396a73",
                "sha256:9de9919becc9cc2ff03637872a440195ac4241c80536632fffeb6a1e25a74299",
                "sha256:a5a85b10e450c66b49f98846937e8cfca1db3127a9d5d1e31ca45c3d0bef4c5b",
                "sha256:b0997827b4f6a7c286c01c5f60384d218dca4ed7d9efa945c3e1aa623d5709ae",
                "sha256:b631ef96d3222e62861443cc89d6563ba3eeb816eeb96b2629345ab795e53681",
                "sha256:bf47c0607522fdbca6c9e817a6e81b08491de50f3766a7a0e6a5be7905961b41",
                "sha256:f81025eddd0327c7d4cfe9b62cf33190e1e736cc6e97502b3ec425f574b3e7a8"
            ],
            "version": "==5.1.2"
        },
        "requests": {
            "hashes": [
                "sha256:6a1b267aa90cac58ac3a765d067950e7dbbf75b1da07e895d1f594193a40a38b",
                "sha256:9c443e7324ba5b85070c4a818ade28bfabedf16ea10206da1132edaa6dda237e"
            ],
            "index": "pypi",
            "version": "==2.18.4"
        },
        "s3transfer": {
            "hashes": [
                "sha256:6efc926738a3cd576c2a79725fed9afde92378aa5c6a957e3af010cb019fac9d",
                "sha256:b780f2411b824cb541dbcd2c713d0cb61c7d1bcadae204cdddda2b35cef493ba"
            ],
            "version": "==0.2.1"
        },
        "six": {
            "hashes": [
                "sha256:3350809f0555b11f552448330d0b52d5f24c91a322ea4a15ef22629740f3761c",
                "sha256:d16a0141ec1a18405cd4ce8b4613101da75da0e9a7aec5bdd4fa804d0e0eba73"
            ],
            "version": "==1.12.0"
        },
        "sqlalchemy": {
            "hashes": [
                "sha256:c7fef198b43ef31dfd783d094fd5ee435ce8717592e6784c45ba337254998017"
            ],
            "index": "pypi",
            "version": "==1.3.4"
        },
        "urllib3": {
            "hashes": [
                "sha256:06330f386d6e4b195fbfc736b297f58c5a892e4440e54d294d7004e3a9bbea1b",
                "sha256:cc44da8e1145637334317feebd728bd869a35285b93cbb4cca2577da7e62db4f"
            ],
            "markers": "python_version >= '3.4'",
            "version": "==1.22"
        },
        "vine": {
            "hashes": [
                "sha256:133ee6d7a9016f177ddeaf191c1f58421a1dcc6ee9a42c58b34bed40e1d2cd87",
                "sha256:ea4947cc56d1fd6f2095c8d543ee25dad966f78692528e68b4fada11ba3f98af"
            ],
            "version": "==1.3.0"
        },
        "watchdog": {
            "hashes": [
                "sha256:965f658d0732de3188211932aeb0bb457587f04f63ab4c1e33eab878e9de961d"
            ],
            "index": "pypi",
            "version": "==0.9.0"
        },
        "werkzeug": {
            "extras": [
                "watchdog"
            ],
            "hashes": [
                "sha256:87ae4e5b5366da2347eb3116c0e6c681a0e939a33b2805e2c0cbd282664932c4",
                "sha256:a13b74dd3c45f758d4ebdb224be8f1ab8ef58b3c0ffc1783a8c7d9f4f50227e6"
            ],
            "index": "pypi",
            "version": "==0.15.5"
        },
        "zipp": {
            "hashes": [
                "sha256:4970c3758f4e89a7857a973b1e2a5d75bcdc47794442f2e2dd4fe8e0466e809a",
                "sha256:8a5712cfd3bb4248015eb3b0b3c54a5f6ee3f2425963ef2a0125b8bc40aafaec"
            ],
            "version": "==0.5.2"
        }
    },
    "develop": {}
}
